
Microsoft Visual Studio Solution File, Format Version 12.00
# Visual Studio 15
Project("{FAE04EC0-301F-11D3-BF4B-00C04F79EFBC}") = "Assembly-CSharp", "Assembly-CSharp.csproj", "{07775BB4-4302-844B-C5C7-439404E9C631}"
EndProject
Project("{FAE04EC0-301F-11D3-BF4B-00C04F79EFBC}") = "Assembly-CSharp-Editor", "Assembly-CSharp-Editor.csproj", "{65236774-A6A8-091B-04A1-2D9A5768540D}"
EndProject
Global
	GlobalSection(SolutionConfigurationPlatforms) = preSolution
		Debug|Any CPU = Debug|Any CPU
		Release|Any CPU = Release|Any CPU
	EndGlobalSection
	GlobalSection(ProjectConfigurationPlatforms) = postSolution
		{07775BB4-4302-844B-C5C7-439404E9C631}.Debug|Any CPU.ActiveCfg = Debug|Any CPU
		{07775BB4-4302-844B-C5C7-439404E9C631}.Debug|Any CPU.Build.0 = Debug|Any CPU
		{07775BB4-4302-844B-C5C7-439404E9C631}.Release|Any CPU.ActiveCfg = Release|Any CPU
		{07775BB4-4302-844B-C5C7-439404E9C631}.Release|Any CPU.Build.0 = Release|Any CPU
		{65236774-A6A8-091B-04A1-2D9A5768540D}.Debug|Any CPU.ActiveCfg = Debug|Any CPU
		{65236774-A6A8-091B-04A1-2D9A5768540D}.Debug|Any CPU.Build.0 = Debug|Any CPU
		{65236774-A6A8-091B-04A1-2D9A5768540D}.Release|Any CPU.ActiveCfg = Release|Any CPU
		{65236774-A6A8-091B-04A1-2D9A5768540D}.Release|Any CPU.Build.0 = Release|Any CPU
	EndGlobalSection
	GlobalSection(SolutionProperties) = preSolution
		HideSolutionNode = FALSE
	EndGlobalSection
EndGlobal
